
Microsoft Visual Studio Solution File, Format Version 12.00
# Visual Studio 15
VisualStudioVersion = 15.0.27703.2035
MinimumVisualStudioVersion = 10.0.40219.1
Project("{8BC9CEB8-8B4A-11D0-8D11-00A0C91BC942}") = "HelloWorldConsole", "HelloWorldConsole\HelloWorldConsole.vcxproj", "{1328A471-F858-4785-ABBE-43F8F899A110}"
EndProject
Project("{8BC9CEB8-8B4A-11D0-8D11-00A0C91BC942}") = "HelloWorldWindows", "HelloWorldWindows\HelloWorldWindows.vcxproj", "{0492F2CA-3D81-4E67-9D52-60430B72128D}"
EndProject
Project("{8BC9CEB8-8B4A-11D0-8D11-00A0C91BC942}") = "BubbleSortArray", "BubbleSortArray\BubbleSortArray.vcxproj", "{B3B6494A-7035-4C83-8812-F93F6DEA5E81}"
EndProject
Project("{8BC9CEB8-8B4A-11D0-8D11-00A0C91BC942}") = "MultipleSort", "MultipleSort\MultipleSort.vcxproj", "{E34DF0C8-BEB3-4934-9232-CCF1D54A981A}"
EndProject
Global
	GlobalSection(SolutionConfigurationPlatforms) = preSolution
		Debug|x64 = Debug|x64
		Debug|x86 = Debug|x86
		Release|x64 = Release|x64
		Release|x86 = Release|x86
	EndGlobalSection
	GlobalSection(ProjectConfigurationPlatforms) = postSolution
		{1328A471-F858-4785-ABBE-43F8F899A110}.Debug|x64.ActiveCfg = Debug|x64
		{1328A471-F858-4785-ABBE-43F8F899A110}.Debug|x64.Build.0 = Debug|x64
		{1328A471-F858-4785-ABBE-43F8F899A110}.Debug|x86.ActiveCfg = Debug|Win32
		{1328A471-F858-4785-ABBE-43F8F899A110}.Debug|x86.Build.0 = Debug|Win32
		{1328A471-F858-4785-ABBE-43F8F899A110}.Release|x64.ActiveCfg = Release|x64
		{1328A471-F858-4785-ABBE-43F8F899A110}.Release|x64.Build.0 = Release|x64
		{1328A471-F858-4785-ABBE-43F8F899A110}.Release|x86.ActiveCfg = Release|Win32
		{1328A471-F858-4785-ABBE-43F8F899A110}.Release|x86.Build.0 = Release|Win32
		{0492F2CA-3D81-4E67-9D52-60430B72128D}.Debug|x64.ActiveCfg = Debug|x64
		{0492F2CA-3D81-4E67-9D52-60430B72128D}.Debug|x64.Build.0 = Debug|x64
		{0492F2CA-3D81-4E67-9D52-60430B72128D}.Debug|x86.ActiveCfg = Debug|Win32
		{0492F2CA-3D81-4E67-9D52-60430B72128D}.Debug|x86.Build.0 = Debug|Win32
		{0492F2CA-3D81-4E67-9D52-60430B72128D}.Release|x64.ActiveCfg = Release|x64
		{0492F2CA-3D81-4E67-9D52-60430B72128D}.Release|x64.Build.0 = Release|x64
		{0492F2CA-3D81-4E67-9D52-60430B72128D}.Release|x86.ActiveCfg = Release|Win32
		{0492F2CA-3D81-4E67-9D52-60430B72128D}.Release|x86.Build.0 = Release|Win32
		{B3B6494A-7035-4C83-8812-F93F6DEA5E81}.Debug|x64.ActiveCfg = Debug|x64
		{B3B6494A-7035-4C83-8812-F93F6DEA5E81}.Debug|x64.Build.0 = Debug|x64
		{B3B6494A-7035-4C83-8812-F93F6DEA5E81}.Debug|x86.ActiveCfg = Debug|Win32
		{B3B6494A-7035-4C83-8812-F93F6DEA5E81}.Debug|x86.Build.0 = Debug|Win32
		{B3B6494A-7035-4C83-8812-F93F6DEA5E81}.Release|x64.ActiveCfg = Release|x64
		{B3B6494A-7035-4C83-8812-F93F6DEA5E81}.Release|x64.Build.0 = Release|x64
		{B3B6494A-7035-4C83-8812-F93F6DEA5E81}.Release|x86.ActiveCfg = Release|Win32
		{B3B6494A-7035-4C83-8812-F93F6DEA5E81}.Release|x86.Build.0 = Release|Win32
		{E34DF0C8-BEB3-4934-9232-CCF1D54A981A}.Debug|x64.ActiveCfg = Debug|x64
		{E34DF0C8-BEB3-4934-9232-CCF1D54A981A}.Debug|x64.Build.0 = Debug|x64
		{E34DF0C8-BEB3-4934-9232-CCF1D54A981A}.Debug|x86.ActiveCfg = Debug|Win32
		{E34DF0C8-BEB3-4934-9232-CCF1D54A981A}.Debug|x86.Build.0 = Debug|Win32
		{E34DF0C8-BEB3-4934-9232-CCF1D54A981A}.Release|x64.ActiveCfg = Release|x64
		{E34DF0C8-BEB3-4934-9232-CCF1D54A981A}.Release|x64.Build.0 = Release|x64
		{E34DF0C8-BEB3-4934-9232-CCF1D54A981A}.Release|x86.ActiveCfg = Release|Win32
		{E34DF0C8-BEB3-4934-9232-CCF1D54A981A}.Release|x86.Build.0 = Release|Win32
	EndGlobalSection
	GlobalSection(SolutionProperties) = preSolution
		HideSolutionNode = FALSE
	EndGlobalSection
	GlobalSection(ExtensibilityGlobals) = postSolution
		SolutionGuid = {001C1F9E-C763-4FE4-B774-891C68BC6F2C}
	EndGlobalSection
EndGlobal
